// !$*UTF8*$!
{
	archiveVersion = 1;
	classes = {
	};
	objectVersion = 50;
	objects = {

/* Begin PBXBuildFile section */
		CD313F2022F276220060190B /* LoginVC.swift in Sources */ = {isa = PBXBuildFile; fileRef = CD313F1F22F276220060190B /* LoginVC.swift */; };
		CDEAAAC122EFD520009FDD96 /* AppDelegate.swift in Sources */ = {isa = PBXBuildFile; fileRef = CDEAAAC022EFD520009FDD96 /* AppDelegate.swift */; };
		CDEAAAC322EFD520009FDD96 /* ViewController.swift in Sources */ = {isa = PBXBuildFile; fileRef = CDEAAAC222EFD520009FDD96 /* ViewController.swift */; };
		CDEAAAC622EFD520009FDD96 /* Main.storyboard in Resources */ = {isa = PBXBuildFile; fileRef = CDEAAAC422EFD520009FDD96 /* Main.storyboard */; };
		CDEAAAC822EFD521009FDD96 /* Assets.xcassets in Resources */ = {isa = PBXBuildFile; fileRef = CDEAAAC722EFD521009FDD96 /* Assets.xcassets */; };
		CDEAAACB22EFD521009FDD96 /* LaunchScreen.storyboard in Resources */ = {isa = PBXBuildFile; fileRef = CDEAAAC922EFD521009FDD96 /* LaunchScreen.storyboard */; };
		CDEAAAD522EFD571009FDD96 /* WhiteIcon.png in Resources */ = {isa = PBXBuildFile; fileRef = CDEAAAD222EFD571009FDD96 /* WhiteIcon.png */; };
		CDEAAAD622EFD571009FDD96 /* Hands.png in Resources */ = {isa = PBXBuildFile; fileRef = CDEAAAD322EFD571009FDD96 /* Hands.png */; };
		CDEAAAD722EFD571009FDD96 /* Cover.png in Resources */ = {isa = PBXBuildFile; fileRef = CDEAAAD422EFD571009FDD96 /* Cover.png */; };
/* End PBXBuildFile section */

/* Begin PBXFileReference section */
		CD313F1F22F276220060190B /* LoginVC.swift */ = {isa = PBXFileReference; lastKnownFileType = sourcecode.swift; path = LoginVC.swift; sourceTree = "<group>"; };
		CDEAAABD22EFD520009FDD96 /* FaceBookClone.app */ = {isa = PBXFileReference; explicitFileType = wrapper.application; includeInIndex = 0; path = FaceBookClone.app; sourceTree = BUILT_PRODUCTS_DIR; };
		CDEAAAC022EFD520009FDD96 /* AppDelegate.swift */ = {isa = PBXFileReference; lastKnownFileType = sourcecode.swift; path = AppDelegate.swift; sourceTree = "<group>"; };
		CDEAAAC222EFD520009FDD96 /* ViewController.swift */ = {isa = PBXFileReference; lastKnownFileType = sourcecode.swift; path = ViewController.swift; sourceTree = "<group>"; };
		CDEAAAC522EFD520009FDD96 /* Base */ = {isa = PBXFileReference; lastKnownFileType = file.storyboard; name = Base; path = Base.lproj/Main.storyboard; sourceTree = "<group>"; };
		CDEAAAC722EFD521009FDD96 /* Assets.xcassets */ = {isa = PBXFileReference; lastKnownFileType = folder.assetcatalog; path = Assets.xcassets; sourceTree = "<group>"; };
		CDEAAACA22EFD521009FDD96 /* Base */ = {isa = PBXFileReference; lastKnownFileType = file.storyboard; name = Base; path = Base.lproj/LaunchScreen.storyboard; sourceTree = "<group>"; };
		CDEAAACC22EFD521009FDD96 /* Info.plist */ = {isa = PBXFileReference; lastKnownFileType = text.plist.xml; path = Info.plist; sourceTree = "<group>"; };
		CDEAAAD222EFD571009FDD96 /* WhiteIcon.png */ = {isa = PBXFileReference; lastKnownFileType = image.png; path = WhiteIcon.png; sourceTree = "<group>"; };
		CDEAAAD322EFD571009FDD96 /* Hands.png */ = {isa = PBXFileReference; lastKnownFileType = image.png; path = Hands.png; sourceTree = "<group>"; };
		CDEAAAD422EFD571009FDD96 /* Cover.png */ = {isa = PBXFileReference; lastKnownFileType = image.png; path = Cover.png; sourceTree = "<group>"; };
/* End PBXFileReference section */

/* Begin PBXFrameworksBuildPhase section */
		CDEAAABA22EFD520009FDD96 /* Frameworks */ = {
			isa = PBXFrameworksBuildPhase;
			buildActionMask = 2147483647;
			files = (
			);
			runOnlyForDeploymentPostprocessing = 0;
		};
/* End PBXFrameworksBuildPhase section */

/* Begin PBXGroup section */
		CDEAAAB422EFD520009FDD96 = {
			isa = PBXGroup;
			children = (
				CDEAAABF22EFD520009FDD96 /* FaceBookClone */,
				CDEAAABE22EFD520009FDD96 /* Products */,
			);
			sourceTree = "<group>";
		};
		CDEAAABE22EFD520009FDD96 /* Products */ = {
			isa = PBXGroup;
			children = (
				CDEAAABD22EFD520009FDD96 /* FaceBookClone.app */,
			);
			name = Products;
			sourceTree = "<group>";
		};
		CDEAAABF22EFD520009FDD96 /* FaceBookClone */ = {
			isa = PBXGroup;
			children = (
				CDEAAAD422EFD571009FDD96 /* Cover.png */,
				CDEAAAD322EFD571009FDD96 /* Hands.png */,
				CDEAAAD222EFD571009FDD96 /* WhiteIcon.png */,
				CDEAAAC022EFD520009FDD96 /* AppDelegate.swift */,
				CDEAAAC222EFD520009FDD96 /* ViewController.swift */,
				CDEAAAC422EFD520009FDD96 /* Main.storyboard */,
				CDEAAAC722EFD521009FDD96 /* Assets.xcassets */,
				CDEAAAC922EFD521009FDD96 /* LaunchScreen.storyboard */,
				CDEAAACC22EFD521009FDD96 /* Info.plist */,
				CD313F1F22F276220060190B /* LoginVC.swift */,
			);
			path = FaceBookClone;
			sourceTree = "<group>";
		};
/* End PBXGroup section */

/* Begin PBXNativeTarget section */
		CDEAAABC22EFD520009FDD96 /* FaceBookClone */ = {
			isa = PBXNativeTarget;
			buildConfigurationList = CDEAAACF22EFD521009FDD96 /* Build configuration list for PBXNativeTarget "FaceBookClone" */;
			buildPhases = (
				CDEAAAB922EFD520009FDD96 /* Sources */,
				CDEAAABA22EFD520009FDD96 /* Frameworks */,
				CDEAAABB22EFD520009FDD96 /* Resources */,
			);
			buildRules = (
			);
			dependencies = (
			);
			name = FaceBookClone;
			productName = FaceBookClone;
			productReference = CDEAAABD22EFD520009FDD96 /* FaceBookClone.app */;
			productType = "com.apple.product-type.application";
		};
/* End PBXNativeTarget section */

/* Begin PBXProject section */
		CDEAAAB522EFD520009FDD96 /* Project object */ = {
			isa = PBXProject;
			attributes = {
				LastSwiftUpdateCheck = 1030;
				LastUpgradeCheck = 1030;
				ORGANIZATIONNAME = "Yiding He";
				TargetAttributes = {
					CDEAAABC22EFD520009FDD96 = {
						CreatedOnToolsVersion = 10.3;
					};
				};
			};
			buildConfigurationList = CDEAAAB822EFD520009FDD96 /* Build configuration list for PBXProject "FaceBookClone" */;
			compatibilityVersion = "Xcode 9.3";
			developmentRegion = en;
			hasScannedForEncodings = 0;
			knownRegions = (
				en,
				Base,
			);
			mainGroup = CDEAAAB422EFD520009FDD96;
			productRefGroup = CDEAAABE22EFD520009FDD96 /* Products */;
			projectDirPath = "";
			projectRoot = "";
			targets = (
				CDEAAABC22EFD520009FDD96 /* FaceBookClone */,
			);
		};
/* End PBXProject section */

/* Begin PBXResourcesBuildPhase section */
		CDEAAABB22EFD520009FDD96 /* Resources */ = {
			isa = PBXResourcesBuildPhase;
			buildActionMask = 2147483647;
			files = (
				CDEAAACB22EFD521009FDD96 /* LaunchScreen.storyboard in Resources */,
				CDEAAAD722EFD571009FDD96 /* Cover.png in Resources */,
				CDEAAAC822EFD521009FDD96 /* Assets.xcassets in Resources */,
				CDEAAAD622EFD571009FDD96 /* Hands.png in Resources */,
				CDEAAAD522EFD571009FDD96 /* WhiteIcon.png in Resources */,
				CDEAAAC622EFD520009FDD96 /* Main.storyboard in Resources */,
			);
			runOnlyForDeploymentPostprocessing = 0;
		};
/* End PBXResourcesBuildPhase section */

/* Begin PBXSourcesBuildPhase section */
		CDEAAAB922EFD520009FDD96 /* Sources */ = {
			isa = PBXSourcesBuildPhase;
			buildActionMask = 2147483647;
			files = (
				CDEAAAC322EFD520009FDD96 /* ViewController.swift in Sources */,
				CDEAAAC122EFD520009FDD96 /* AppDelegate.swift in Sources */,
				CD313F2022F276220060190B /* LoginVC.swift in Sources */,
			);
			runOnlyForDeploymentPostprocessing = 0;
		};
/* End PBXSourcesBuildPhase section */

/* Begin PBXVariantGroup section */
		CDEAAAC422EFD520009FDD96 /* Main.storyboard */ = {
			isa = PBXVariantGroup;
			children = (
				CDEAAAC522EFD520009FDD96 /* Base */,
			);
			name = Main.storyboard;
			sourceTree = "<group>";
		};
		CDEAAAC922EFD521009FDD96 /* LaunchScreen.storyboard */ = {
			isa = PBXVariantGroup;
			children = (
				CDEAAACA22EFD521009FDD96 /* Base */,
			);
			name = LaunchScreen.storyboard;
			sourceTree = "<group>";
		};
/* End PBXVariantGroup section */

/* Begin XCBuildConfiguration section */
		CDEAAACD22EFD521009FDD96 /* Debug */ = {
			isa = XCBuildConfiguration;
			buildSettings = {
				ALWAYS_SEARCH_USER_PATHS = NO;
				CLANG_ANALYZER_NONNULL = YES;
				CLANG_ANALYZER_NUMBER_OBJECT_CONVERSION = YES_AGGRESSIVE;
				CLANG_CXX_LANGUAGE_STANDARD = "gnu++14";
				CLANG_CXX_LIBRARY = "libc++";
				CLANG_ENABLE_MODULES = YES;
				CLANG_ENABLE_OBJC_ARC = YES;
				CLANG_ENABLE_OBJC_WEAK = YES;
				CLANG_WARN_BLOCK_CAPTURE_AUTORELEASING = YES;
				CLANG_WARN_BOOL_CONVERSION = YES;
				CLANG_WARN_COMMA = YES;
				CLANG_WARN_CONSTANT_CONVERSION = YES;
				CLANG_WARN_DEPRECATED_OBJC_IMPLEMENTATIONS = YES;
				CLANG_WARN_DIRECT_OBJC_ISA_USAGE = YES_ERROR;
				CLANG_WARN_DOCUMENTATION_COMMENTS = YES;
				CLANG_WARN_EMPTY_BODY = YES;
				CLANG_WARN_ENUM_CONVERSION = YES;
				CLANG_WARN_INFINITE_RECURSION = YES;
				CLANG_WARN_INT_CONVERSION = YES;
				CLANG_WARN_NON_LITERAL_NULL_CONVERSION = YES;
				CLANG_WARN_OBJC_IMPLICIT_RETAIN_SELF = YES;
				CLANG_WARN_OBJC_LITERAL_CONVERSION = YES;
				CLANG_WARN_OBJC_ROOT_CLASS = YES_ERROR;
				CLANG_WARN_RANGE_LOOP_ANALYSIS = YES;
				CLANG_WARN_STRICT_PROTOTYPES = YES;
				CLANG_WARN_SUSPICIOUS_MOVE = YES;
				CLANG_WARN_UNGUARDED_AVAILABILITY = YES_AGGRESSIVE;
				CLANG_WARN_UNREACHABLE_CODE = YES;
				CLANG_WARN__DUPLICATE_METHOD_MATCH = YES;
				CODE_SIGN_IDENTITY = "iPhone Developer";
				COPY_PHASE_STRIP = NO;
				DEBUG_INFORMATION_FORMAT = dwarf;
				ENABLE_STRICT_OBJC_MSGSEND = YES;
				ENABLE_TESTABILITY = YES;
				GCC_C_LANGUAGE_STANDARD = gnu11;
				GCC_DYNAMIC_NO_PIC = NO;
				GCC_NO_COMMON_BLOCKS = YES;
				GCC_OPTIMIZATION_LEVEL = 0;
				GCC_PREPROCESSOR_DEFINITIONS = (
					"DEBUG=1",
					"$(inherited)",
				);
				GCC_WARN_64_TO_32_BIT_CONVERSION = YES;
				GCC_WARN_ABOUT_RETURN_TYPE = YES_ERROR;
				GCC_WARN_UNDECLARED_SELECTOR = YES;
				GCC_WARN_UNINITIALIZED_AUTOS = YES_AGGRESSIVE;
				GCC_WARN_UNUSED_FUNCTION = YES;
				GCC_WARN_UNUSED_VARIABLE = YES;
				IPHONEOS_DEPLOYMENT_TARGET = 12.4;
				MTL_ENABLE_DEBUG_INFO = INCLUDE_SOURCE;
				MTL_FAST_MATH = YES;
				ONLY_ACTIVE_ARCH = YES;
				SDKROOT = iphoneos;
				SWIFT_ACTIVE_COMPILATION_CONDITIONS = DEBUG;
				SWIFT_OPTIMIZATION_LEVEL = "-Onone";
			};
			name = Debug;
		};
		CDEAAACE22EFD521009FDD96 /* Release */ = {
			isa = XCBuildConfiguration;
			buildSettings = {
				ALWAYS_SEARCH_USER_PATHS = NO;
				CLANG_ANALYZER_NONNULL = YES;
				CLANG_ANALYZER_NUMBER_OBJECT_CONVERSION = YES_AGGRESSIVE;
				CLANG_CXX_LANGUAGE_STANDARD = "gnu++14";
				CLANG_CXX_LIBRARY = "libc++";
				CLANG_ENABLE_MODULES = YES;
				CLANG_ENABLE_OBJC_ARC = YES;
				CLANG_ENABLE_OBJC_WEAK = YES;
				CLANG_WARN_BLOCK_CAPTURE_AUTORELEASING = YES;
				CLANG_WARN_BOOL_CONVERSION = YES;
				CLANG_WARN_COMMA = YES;
				CLANG_WARN_CONSTANT_CONVERSION = YES;
				CLANG_WARN_DEPRECATED_OBJC_IMPLEMENTATIONS = YES;
				CLANG_WARN_DIRECT_OBJC_ISA_USAGE = YES_ERROR;
				CLANG_WARN_DOCUMENTATION_COMMENTS = YES;
				CLANG_WARN_EMPTY_BODY = YES;
				CLANG_WARN_ENUM_CONVERSION = YES;
				CLANG_WARN_INFINITE_RECURSION = YES;
				CLANG_WARN_INT_CONVERSION = YES;
				CLANG_WARN_NON_LITERAL_NULL_CONVERSION = YES;
				CLANG_WARN_OBJC_IMPLICIT_RETAIN_SELF = YES;
				CLANG_WARN_OBJC_LITERAL_CONVERSION = YES;
				CLANG_WARN_OBJC_ROOT_CLASS = YES_ERROR;
				CLANG_WARN_RANGE_LOOP_ANALYSIS = YES;
				CLANG_WARN_STRICT_PROTOTYPES = YES;
				CLANG_WARN_SUSPICIOUS_MOVE = YES;
				CLANG_WARN_UNGUARDED_AVAILABILITY = YES_AGGRESSIVE;
				CLANG_WARN_UNREACHABLE_CODE = YES;
				CLANG_WARN__DUPLICATE_METHOD_MATCH = YES;
				CODE_SIGN_IDENTITY = "iPhone Developer";
				COPY_PHASE_STRIP = NO;
				DEBUG_INFORMATION_FORMAT = "dwarf-with-dsym";
				ENABLE_NS_ASSERTIONS = NO;
				ENABLE_STRICT_OBJC_MSGSEND = YES;
				GCC_C_LANGUAGE_STANDARD = gnu11;
				GCC_NO_COMMON_BLOCKS = YES;
				GCC_WARN_64_TO_32_BIT_CONVERSION = YES;
				GCC_WARN_ABOUT_RETURN_TYPE = YES_ERROR;
				GCC_WARN_UNDECLARED_SELECTOR = YES;
				GCC_WARN_UNINITIALIZED_AUTOS = YES_AGGRESSIVE;
				GCC_WARN_UNUSED_FUNCTION = YES;
				GCC_WARN_UNUSED_VARIABLE = YES;
				IPHONEOS_DEPLOYMENT_TARGET = 12.4;
				MTL_ENABLE_DEBUG_INFO = NO;
				MTL_FAST_MATH = YES;
				SDKROOT = iphoneos;
				SWIFT_COMPILATION_MODE = wholemodule;
				SWIFT_OPTIMIZATION_LEVEL = "-O";
				VALIDATE_PRODUCT = YES;
			};
			name = Release;
		};
		CDEAAAD022EFD521009FDD96 /* Debug */ = {
			isa = XCBuildConfiguration;
			buildSettings = {
				ASSETCATALOG_COMPILER_APPICON_NAME = AppIcon;
				CODE_SIGN_STYLE = Automatic;
				DEVELOPMENT_TEAM = LP869G4TV4;
				INFOPLIST_FILE = FaceBookClone/Info.plist;
				LD_RUNPATH_SEARCH_PATHS = (
					"$(inherited)",
					"@executable_path/Frameworks",
				);
				PRODUCT_BUNDLE_IDENTIFIER = com.yidinghe.FaceBookClone;
				PRODUCT_NAME = "$(TARGET_NAME)";
				SWIFT_VERSION = 5.0;
				TARGETED_DEVICE_FAMILY = "1,2";
			};
			name = Debug;
		};
		CDEAAAD122EFD521009FDD96 /* Release */ = {
			isa = XCBuildConfiguration;
			buildSettings = {
				ASSETCATALOG_COMPILER_APPICON_NAME = AppIcon;
				CODE_SIGN_STYLE = Automatic;
				DEVELOPMENT_TEAM = LP869G4TV4;
				INFOPLIST_FILE = FaceBookClone/Info.plist;
				LD_RUNPATH_SEARCH_PATHS = (
					"$(inherited)",
					"@executable_path/Frameworks",
				);
				PRODUCT_BUNDLE_IDENTIFIER = com.yidinghe.FaceBookClone;
				PRODUCT_NAME = "$(TARGET_NAME)";
				SWIFT_VERSION = 5.0;
				TARGETED_DEVICE_FAMILY = "1,2";
			};
			name = Release;
		};
/* End XCBuildConfiguration section */

/* Begin XCConfigurationList section */
		CDEAAAB822EFD520009FDD96 /* Build configuration list for PBXProject "FaceBookClone" */ = {
			isa = XCConfigurationList;
			buildConfigurations = (
				CDEAAACD22EFD521009FDD96 /* Debug */,
				CDEAAACE22EFD521009FDD96 /* Release */,
			);
			defaultConfigurationIsVisible = 0;
			defaultConfigurationName = Release;
		};
		CDEAAACF22EFD521009FDD96 /* Build configuration list for PBXNativeTarget "FaceBookClone" */ = {
			isa = XCConfigurationList;
			buildConfigurations = (
				CDEAAAD022EFD521009FDD96 /* Debug */,
				CDEAAAD122EFD521009FDD96 /* Release */,
			);
			defaultConfigurationIsVisible = 0;
			defaultConfigurationName = Release;
		};
/* End XCConfigurationList section */
	};
	rootObject = CDEAAAB522EFD520009FDD96 /* Project object */;
}
